// !$*UTF8*$!
{
	archiveVersion = 1;
	classes = {
	};
	objectVersion = 56;
	objects = {

/* Begin PBXBuildFile section */
		840C15E12C27B740006107F6 /* testApp.swift in Sources */ = {isa = PBXBuildFile; fileRef = 840C15E02C27B740006107F6 /* testApp.swift */; };
		840C15E32C27B740006107F6 /* ContentView.swift in Sources */ = {isa = PBXBuildFile; fileRef = 840C15E22C27B740006107F6 /* ContentView.swift */; };
		840C15E52C27B741006107F6 /* Assets.xcassets in Resources */ = {isa = PBXBuildFile; fileRef = 840C15E42C27B741006107F6 /* Assets.xcassets */; };
		840C15E82C27B741006107F6 /* Preview Assets.xcassets in Resources */ = {isa = PBXBuildFile; fileRef = 840C15E72C27B741006107F6 /* Preview Assets.xcassets */; };
		840C15F22C27B741006107F6 /* testTests.swift in Sources */ = {isa = PBXBuildFile; fileRef = 840C15F12C27B741006107F6 /* testTests.swift */; };
		840C15FC2C27B741006107F6 /* testUITests.swift in Sources */ = {isa = PBXBuildFile; fileRef = 840C15FB2C27B741006107F6 /* testUITests.swift */; };
		840C15FE2C27B741006107F6 /* testUITestsLaunchTests.swift in Sources */ = {isa = PBXBuildFile; fileRef = 840C15FD2C27B741006107F6 /* testUITestsLaunchTests.swift */; };
		840C160B2C27B80B006107F6 /* backend.swift in Sources */ = {isa = PBXBuildFile; fileRef = 840C160A2C27B80B006107F6 /* backend.swift */; };
/* End PBXBuildFile section */

/* Begin PBXContainerItemProxy section */
		840C15EE2C27B741006107F6 /* PBXContainerItemProxy */ = {
			isa = PBXContainerItemProxy;
			containerPortal = 840C15D52C27B740006107F6 /* Project object */;
			proxyType = 1;
			remoteGlobalIDString = 840C15DC2C27B740006107F6;
			remoteInfo = test;
		};
		840C15F82C27B741006107F6 /* PBXContainerItemProxy */ = {
			isa = PBXContainerItemProxy;
			containerPortal = 840C15D52C27B740006107F6 /* Project object */;
			proxyType = 1;
			remoteGlobalIDString = 840C15DC2C27B740006107F6;
			remoteInfo = test;
		};
/* End PBXContainerItemProxy section */

/* Begin PBXFileReference section */
		840C15DD2C27B740006107F6 /* test.app */ = {isa = PBXFileReference; explicitFileType = wrapper.application; includeInIndex = 0; path = test.app; sourceTree = BUILT_PRODUCTS_DIR; };
		840C15E02C27B740006107F6 /* testApp.swift */ = {isa = PBXFileReference; lastKnownFileType = sourcecode.swift; path = testApp.swift; sourceTree = "<group>"; };
		840C15E22C27B740006107F6 /* ContentView.swift */ = {isa = PBXFileReference; lastKnownFileType = sourcecode.swift; path = ContentView.swift; sourceTree = "<group>"; };
		840C15E42C27B741006107F6 /* Assets.xcassets */ = {isa = PBXFileReference; lastKnownFileType = folder.assetcatalog; path = Assets.xcassets; sourceTree = "<group>"; };
		840C15E72C27B741006107F6 /* Preview Assets.xcassets */ = {isa = PBXFileReference; lastKnownFileType = folder.assetcatalog; path = "Preview Assets.xcassets"; sourceTree = "<group>"; };
		840C15ED2C27B741006107F6 /* testTests.xctest */ = {isa = PBXFileReference; explicitFileType = wrapper.cfbundle; includeInIndex = 0; path = testTests.xctest; sourceTree = BUILT_PRODUCTS_DIR; };
		840C15F12C27B741006107F6 /* testTests.swift */ = {isa = PBXFileReference; lastKnownFileType = sourcecode.swift; path = testTests.swift; sourceTree = "<group>"; };
		840C15F72C27B741006107F6 /* testUITests.xctest */ = {isa = PBXFileReference; explicitFileType = wrapper.cfbundle; includeInIndex = 0; path = testUITests.xctest; sourceTree = BUILT_PRODUCTS_DIR; };
		840C15FB2C27B741006107F6 /* testUITests.swift */ = {isa = PBXFileReference; lastKnownFileType = sourcecode.swift; path = testUITests.swift; sourceTree = "<group>"; };
		840C15FD2C27B741006107F6 /* testUITestsLaunchTests.swift */ = {isa = PBXFileReference; lastKnownFileType = sourcecode.swift; path = testUITestsLaunchTests.swift; sourceTree = "<group>"; };
		840C160A2C27B80B006107F6 /* backend.swift */ = {isa = PBXFileReference; lastKnownFileType = sourcecode.swift; path = backend.swift; sourceTree = "<group>"; };
/* End PBXFileReference section */

/* Begin PBXFrameworksBuildPhase section */
		840C15DA2C27B740006107F6 /* Frameworks */ = {
			isa = PBXFrameworksBuildPhase;
			buildActionMask = 2147483647;
			files = (
			);
			runOnlyForDeploymentPostprocessing = 0;
		};
		840C15EA2C27B741006107F6 /* Frameworks */ = {
			isa = PBXFrameworksBuildPhase;
			buildActionMask = 2147483647;
			files = (
			);
			runOnlyForDeploymentPostprocessing = 0;
		};
		840C15F42C27B741006107F6 /* Frameworks */ = {
			isa = PBXFrameworksBuildPhase;
			buildActionMask = 2147483647;
			files = (
			);
			runOnlyForDeploymentPostprocessing = 0;
		};
/* End PBXFrameworksBuildPhase section */

/* Begin PBXGroup section */
		840C15D42C27B740006107F6 = {
			isa = PBXGroup;
			children = (
				840C15DF2C27B740006107F6 /* test */,
				840C15F02C27B741006107F6 /* testTests */,
				840C15FA2C27B741006107F6 /* testUITests */,
				840C15DE2C27B740006107F6 /* Products */,
			);
			sourceTree = "<group>";
		};
		840C15DE2C27B740006107F6 /* Products */ = {
			isa = PBXGroup;
			children = (
				840C15DD2C27B740006107F6 /* test.app */,
				840C15ED2C27B741006107F6 /* testTests.xctest */,
				840C15F72C27B741006107F6 /* testUITests.xctest */,
			);
			name = Products;
			sourceTree = "<group>";
		};
		840C15DF2C27B740006107F6 /* test */ = {
			isa = PBXGroup;
			children = (
				840C160A2C27B80B006107F6 /* backend.swift */,
				840C15E02C27B740006107F6 /* testApp.swift */,
				840C15E22C27B740006107F6 /* ContentView.swift */,
				840C15E42C27B741006107F6 /* Assets.xcassets */,
				840C15E62C27B741006107F6 /* Preview Content */,
			);
			path = test;
			sourceTree = "<group>";
		};
		840C15E62C27B741006107F6 /* Preview Content */ = {
			isa = PBXGroup;
			children = (
				840C15E72C27B741006107F6 /* Preview Assets.xcassets */,
			);
			path = "Preview Content";
			sourceTree = "<group>";
		};
		840C15F02C27B741006107F6 /* testTests */ = {
			isa = PBXGroup;
			children = (
				840C15F12C27B741006107F6 /* testTests.swift */,
			);
			path = testTests;
			sourceTree = "<group>";
		};
		840C15FA2C27B741006107F6 /* testUITests */ = {
			isa = PBXGroup;
			children = (
				840C15FB2C27B741006107F6 /* testUITests.swift */,
				840C15FD2C27B741006107F6 /* testUITestsLaunchTests.swift */,
			);
			path = testUITests;
			sourceTree = "<group>";
		};
/* End PBXGroup section */

/* Begin PBXNativeTarget section */
		840C15DC2C27B740006107F6 /* test */ = {
			isa = PBXNativeTarget;
			buildConfigurationList = 840C16012C27B741006107F6 /* Build configuration list for PBXNativeTarget "test" */;
			buildPhases = (
				840C15D92C27B740006107F6 /* Sources */,
				840C15DA2C27B740006107F6 /* Frameworks */,
				840C15DB2C27B740006107F6 /* Resources */,
			);
			buildRules = (
			);
			dependencies = (
			);
			name = test;
			productName = test;
			productReference = 840C15DD2C27B740006107F6 /* test.app */;
			productType = "com.apple.product-type.application";
		};
		840C15EC2C27B741006107F6 /* testTests */ = {
			isa = PBXNativeTarget;
			buildConfigurationList = 840C16042C27B741006107F6 /* Build configuration list for PBXNativeTarget "testTests" */;
			buildPhases = (
				840C15E92C27B741006107F6 /* Sources */,
				840C15EA2C27B741006107F6 /* Frameworks */,
				840C15EB2C27B741006107F6 /* Resources */,
			);
			buildRules = (
			);
			dependencies = (
				840C15EF2C27B741006107F6 /* PBXTargetDependency */,
			);
			name = testTests;
			productName = testTests;
			productReference = 840C15ED2C27B741006107F6 /* testTests.xctest */;
			productType = "com.apple.product-type.bundle.unit-test";
		};
		840C15F62C27B741006107F6 /* testUITests */ = {
			isa = PBXNativeTarget;
			buildConfigurationList = 840C16072C27B741006107F6 /* Build configuration list for PBXNativeTarget "testUITests" */;
			buildPhases = (
				840C15F32C27B741006107F6 /* Sources */,
				840C15F42C27B741006107F6 /* Frameworks */,
				840C15F52C27B741006107F6 /* Resources */,
			);
			buildRules = (
			);
			dependencies = (
				840C15F92C27B741006107F6 /* PBXTargetDependency */,
			);
			name = testUITests;
			productName = testUITests;
			productReference = 840C15F72C27B741006107F6 /* testUITests.xctest */;
			productType = "com.apple.product-type.bundle.ui-testing";
		};
/* End PBXNativeTarget section */

/* Begin PBXProject section */
		840C15D52C27B740006107F6 /* Project object */ = {
			isa = PBXProject;
			attributes = {
				BuildIndependentTargetsInParallel = 1;
				LastSwiftUpdateCheck = 1540;
				LastUpgradeCheck = 1540;
				TargetAttributes = {
					840C15DC2C27B740006107F6 = {
						CreatedOnToolsVersion = 15.4;
					};
					840C15EC2C27B741006107F6 = {
						CreatedOnToolsVersion = 15.4;
						TestTargetID = 840C15DC2C27B740006107F6;
					};
					840C15F62C27B741006107F6 = {
						CreatedOnToolsVersion = 15.4;
						TestTargetID = 840C15DC2C27B740006107F6;
					};
				};
			};
			buildConfigurationList = 840C15D82C27B740006107F6 /* Build configuration list for PBXProject "test" */;
			compatibilityVersion = "Xcode 14.0";
			developmentRegion = en;
			hasScannedForEncodings = 0;
			knownRegions = (
				en,
				Base,
			);
			mainGroup = 840C15D42C27B740006107F6;
			productRefGroup = 840C15DE2C27B740006107F6 /* Products */;
			projectDirPath = "";
			projectRoot = "";
			targets = (
				840C15DC2C27B740006107F6 /* test */,
				840C15EC2C27B741006107F6 /* testTests */,
				840C15F62C27B741006107F6 /* testUITests */,
			);
		};
/* End PBXProject section */

/* Begin PBXResourcesBuildPhase section */
		840C15DB2C27B740006107F6 /* Resources */ = {
			isa = PBXResourcesBuildPhase;
			buildActionMask = 2147483647;
			files = (
				840C15E82C27B741006107F6 /* Preview Assets.xcassets in Resources */,
				840C15E52C27B741006107F6 /* Assets.xcassets in Resources */,
			);
			runOnlyForDeploymentPostprocessing = 0;
		};
		840C15EB2C27B741006107F6 /* Resources */ = {
			isa = PBXResourcesBuildPhase;
			buildActionMask = 2147483647;
			files = (
			);
			runOnlyForDeploymentPostprocessing = 0;
		};
		840C15F52C27B741006107F6 /* Resources */ = {
			isa = PBXResourcesBuildPhase;
			buildActionMask = 2147483647;
			files = (
			);
			runOnlyForDeploymentPostprocessing = 0;
		};
/* End PBXResourcesBuildPhase section */

/* Begin PBXSourcesBuildPhase section */
		840C15D92C27B740006107F6 /* Sources */ = {
			isa = PBXSourcesBuildPhase;
			buildActionMask = 2147483647;
			files = (
				840C15E32C27B740006107F6 /* ContentView.swift in Sources */,
				840C160B2C27B80B006107F6 /* backend.swift in Sources */,
				840C15E12C27B740006107F6 /* testApp.swift in Sources */,
			);
			runOnlyForDeploymentPostprocessing = 0;
		};
		840C15E92C27B741006107F6 /* Sources */ = {
			isa = PBXSourcesBuildPhase;
			buildActionMask = 2147483647;
			files = (
				840C15F22C27B741006107F6 /* testTests.swift in Sources */,
			);
			runOnlyForDeploymentPostprocessing = 0;
		};
		840C15F32C27B741006107F6 /* Sources */ = {
			isa = PBXSourcesBuildPhase;
			buildActionMask = 2147483647;
			files = (
				840C15FE2C27B741006107F6 /* testUITestsLaunchTests.swift in Sources */,
				840C15FC2C27B741006107F6 /* testUITests.swift in Sources */,
			);
			runOnlyForDeploymentPostprocessing = 0;
		};
/* End PBXSourcesBuildPhase section */

/* Begin PBXTargetDependency section */
		840C15EF2C27B741006107F6 /* PBXTargetDependency */ = {
			isa = PBXTargetDependency;
			target = 840C15DC2C27B740006107F6 /* test */;
			targetProxy = 840C15EE2C27B741006107F6 /* PBXContainerItemProxy */;
		};
		840C15F92C27B741006107F6 /* PBXTargetDependency */ = {
			isa = PBXTargetDependency;
			target = 840C15DC2C27B740006107F6 /* test */;
			targetProxy = 840C15F82C27B741006107F6 /* PBXContainerItemProxy */;
		};
/* End PBXTargetDependency section */

/* Begin XCBuildConfiguration section */
		840C15FF2C27B741006107F6 /* Debug */ = {
			isa = XCBuildConfiguration;
			buildSettings = {
				ALWAYS_SEARCH_USER_PATHS = NO;
				ASSETCATALOG_COMPILER_GENERATE_SWIFT_ASSET_SYMBOL_EXTENSIONS = YES;
				CLANG_ANALYZER_NONNULL = YES;
				CLANG_ANALYZER_NUMBER_OBJECT_CONVERSION = YES_AGGRESSIVE;
				CLANG_CXX_LANGUAGE_STANDARD = "gnu++20";
				CLANG_ENABLE_MODULES = YES;
				CLANG_ENABLE_OBJC_ARC = YES;
				CLANG_ENABLE_OBJC_WEAK = YES;
				CLANG_WARN_BLOCK_CAPTURE_AUTORELEASING = YES;
				CLANG_WARN_BOOL_CONVERSION = YES;
				CLANG_WARN_COMMA = YES;
				CLANG_WARN_CONSTANT_CONVERSION = YES;
				CLANG_WARN_DEPRECATED_OBJC_IMPLEMENTATIONS = YES;
				CLANG_WARN_DIRECT_OBJC_ISA_USAGE = YES_ERROR;
				CLANG_WARN_DOCUMENTATION_COMMENTS = YES;
				CLANG_WARN_EMPTY_BODY = YES;
				CLANG_WARN_ENUM_CONVERSION = YES;
				CLANG_WARN_INFINITE_RECURSION = YES;
				CLANG_WARN_INT_CONVERSION = YES;
				CLANG_WARN_NON_LITERAL_NULL_CONVERSION = YES;
				CLANG_WARN_OBJC_IMPLICIT_RETAIN_SELF = YES;
				CLANG_WARN_OBJC_LITERAL_CONVERSION = YES;
				CLANG_WARN_OBJC_ROOT_CLASS = YES_ERROR;
				CLANG_WARN_QUOTED_INCLUDE_IN_FRAMEWORK_HEADER = YES;
				CLANG_WARN_RANGE_LOOP_ANALYSIS = YES;
				CLANG_WARN_STRICT_PROTOTYPES = YES;
				CLANG_WARN_SUSPICIOUS_MOVE = YES;
				CLANG_WARN_UNGUARDED_AVAILABILITY = YES_AGGRESSIVE;
				CLANG_WARN_UNREACHABLE_CODE = YES;
				CLANG_WARN__DUPLICATE_METHOD_MATCH = YES;
				COPY_PHASE_STRIP = NO;
				DEBUG_INFORMATION_FORMAT = dwarf;
				ENABLE_STRICT_OBJC_MSGSEND = YES;
				ENABLE_TESTABILITY = YES;
				ENABLE_USER_SCRIPT_SANDBOXING = YES;
				GCC_C_LANGUAGE_STANDARD = gnu17;
				GCC_DYNAMIC_NO_PIC = NO;
				GCC_NO_COMMON_BLOCKS = YES;
				GCC_OPTIMIZATION_LEVEL = 0;
				GCC_PREPROCESSOR_DEFINITIONS = (
					"DEBUG=1",
					"$(inherited)",
				);
				GCC_WARN_64_TO_32_BIT_CONVERSION = YES;
				GCC_WARN_ABOUT_RETURN_TYPE = YES_ERROR;
				GCC_WARN_UNDECLARED_SELECTOR = YES;
				GCC_WARN_UNINITIALIZED_AUTOS = YES_AGGRESSIVE;
				GCC_WARN_UNUSED_FUNCTION = YES;
				GCC_WARN_UNUSED_VARIABLE = YES;
				IPHONEOS_DEPLOYMENT_TARGET = 17.5;
				LOCALIZATION_PREFERS_STRING_CATALOGS = YES;
				MTL_ENABLE_DEBUG_INFO = INCLUDE_SOURCE;
				MTL_FAST_MATH = YES;
				ONLY_ACTIVE_ARCH = YES;
				SDKROOT = iphoneos;
				SWIFT_ACTIVE_COMPILATION_CONDITIONS = "DEBUG $(inherited)";
				SWIFT_OPTIMIZATION_LEVEL = "-Onone";
			};
			name = Debug;
		};
		840C16002C27B741006107F6 /* Release */ = {
			isa = XCBuildConfiguration;
			buildSettings = {
				ALWAYS_SEARCH_USER_PATHS = NO;
				ASSETCATALOG_COMPILER_GENERATE_SWIFT_ASSET_SYMBOL_EXTENSIONS = YES;
				CLANG_ANALYZER_NONNULL = YES;
				CLANG_ANALYZER_NUMBER_OBJECT_CONVERSION = YES_AGGRESSIVE;
				CLANG_CXX_LANGUAGE_STANDARD = "gnu++20";
				CLANG_ENABLE_MODULES = YES;
				CLANG_ENABLE_OBJC_ARC = YES;
				CLANG_ENABLE_OBJC_WEAK = YES;
				CLANG_WARN_BLOCK_CAPTURE_AUTORELEASING = YES;
				CLANG_WARN_BOOL_CONVERSION = YES;
				CLANG_WARN_COMMA = YES;
				CLANG_WARN_CONSTANT_CONVERSION = YES;
				CLANG_WARN_DEPRECATED_OBJC_IMPLEMENTATIONS = YES;
				CLANG_WARN_DIRECT_OBJC_ISA_USAGE = YES_ERROR;
				CLANG_WARN_DOCUMENTATION_COMMENTS = YES;
				CLANG_WARN_EMPTY_BODY = YES;
				CLANG_WARN_ENUM_CONVERSION = YES;
				CLANG_WARN_INFINITE_RECURSION = YES;
				CLANG_WARN_INT_CONVERSION = YES;
				CLANG_WARN_NON_LITERAL_NULL_CONVERSION = YES;
				CLANG_WARN_OBJC_IMPLICIT_RETAIN_SELF = YES;
				CLANG_WARN_OBJC_LITERAL_CONVERSION = YES;
				CLANG_WARN_OBJC_ROOT_CLASS = YES_ERROR;
				CLANG_WARN_QUOTED_INCLUDE_IN_FRAMEWORK_HEADER = YES;
				CLANG_WARN_RANGE_LOOP_ANALYSIS = YES;
				CLANG_WARN_STRICT_PROTOTYPES = YES;
				CLANG_WARN_SUSPICIOUS_MOVE = YES;
				CLANG_WARN_UNGUARDED_AVAILABILITY = YES_AGGRESSIVE;
				CLANG_WARN_UNREACHABLE_CODE = YES;
				CLANG_WARN__DUPLICATE_METHOD_MATCH = YES;
				COPY_PHASE_STRIP = NO;
				DEBUG_INFORMATION_FORMAT = "dwarf-with-dsym";
				ENABLE_NS_ASSERTIONS = NO;
				ENABLE_STRICT_OBJC_MSGSEND = YES;
				ENABLE_USER_SCRIPT_SANDBOXING = YES;
				GCC_C_LANGUAGE_STANDARD = gnu17;
				GCC_NO_COMMON_BLOCKS = YES;
				GCC_WARN_64_TO_32_BIT_CONVERSION = YES;
				GCC_WARN_ABOUT_RETURN_TYPE = YES_ERROR;
				GCC_WARN_UNDECLARED_SELECTOR = YES;
				GCC_WARN_UNINITIALIZED_AUTOS = YES_AGGRESSIVE;
				GCC_WARN_UNUSED_FUNCTION = YES;
				GCC_WARN_UNUSED_VARIABLE = YES;
				IPHONEOS_DEPLOYMENT_TARGET = 17.5;
				LOCALIZATION_PREFERS_STRING_CATALOGS = YES;
				MTL_ENABLE_DEBUG_INFO = NO;
				MTL_FAST_MATH = YES;
				SDKROOT = iphoneos;
				SWIFT_COMPILATION_MODE = wholemodule;
				VALIDATE_PRODUCT = YES;
			};
			name = Release;
		};
		840C16022C27B741006107F6 /* Debug */ = {
			isa = XCBuildConfiguration;
			buildSettings = {
				ASSETCATALOG_COMPILER_APPICON_NAME = AppIcon;
				ASSETCATALOG_COMPILER_GLOBAL_ACCENT_COLOR_NAME = AccentColor;
				CODE_SIGN_STYLE = Automatic;
				CURRENT_PROJECT_VERSION = 1;
				DEVELOPMENT_ASSET_PATHS = "\"test/Preview Content\"";
				ENABLE_PREVIEWS = YES;
				GENERATE_INFOPLIST_FILE = YES;
				INFOPLIST_KEY_UIApplicationSceneManifest_Generation = YES;
				INFOPLIST_KEY_UIApplicationSupportsIndirectInputEvents = YES;
				INFOPLIST_KEY_UILaunchScreen_Generation = YES;
				INFOPLIST_KEY_UISupportedInterfaceOrientations_iPad = "UIInterfaceOrientationPortrait UIInterfaceOrientationPortraitUpsideDown UIInterfaceOrientationLandscapeLeft UIInterfaceOrientationLandscapeRight";
				INFOPLIST_KEY_UISupportedInterfaceOrientations_iPhone = "UIInterfaceOrientationPortrait UIInterfaceOrientationLandscapeLeft UIInterfaceOrientationLandscapeRight";
				LD_RUNPATH_SEARCH_PATHS = (
					"$(inherited)",
					"@executable_path/Frameworks",
				);
				MARKETING_VERSION = 1.0;
				PRODUCT_BUNDLE_IDENTIFIER = joe.com.test;
				PRODUCT_NAME = "$(TARGET_NAME)";
				SWIFT_EMIT_LOC_STRINGS = YES;
				SWIFT_VERSION = 5.0;
				TARGETED_DEVICE_FAMILY = "1,2";
			};
			name = Debug;
		};
		840C16032C27B741006107F6 /* Release */ = {
			isa = XCBuildConfiguration;
			buildSettings = {
				ASSETCATALOG_COMPILER_APPICON_NAME = AppIcon;
				ASSETCATALOG_COMPILER_GLOBAL_ACCENT_COLOR_NAME = AccentColor;
				CODE_SIGN_STYLE = Automatic;
				CURRENT_PROJECT_VERSION = 1;
				DEVELOPMENT_ASSET_PATHS = "\"test/Preview Content\"";
				ENABLE_PREVIEWS = YES;
				GENERATE_INFOPLIST_FILE = YES;
				INFOPLIST_KEY_UIApplicationSceneManifest_Generation = YES;
				INFOPLIST_KEY_UIApplicationSupportsIndirectInputEvents = YES;
				INFOPLIST_KEY_UILaunchScreen_Generation = YES;
				INFOPLIST_KEY_UISupportedInterfaceOrientations_iPad = "UIInterfaceOrientationPortrait UIInterfaceOrientationPortraitUpsideDown UIInterfaceOrientationLandscapeLeft UIInterfaceOrientationLandscapeRight";
				INFOPLIST_KEY_UISupportedInterfaceOrientations_iPhone = "UIInterfaceOrientationPortrait UIInterfaceOrientationLandscapeLeft UIInterfaceOrientationLandscapeRight";
				LD_RUNPATH_SEARCH_PATHS = (
					"$(inherited)",
					"@executable_path/Frameworks",
				);
				MARKETING_VERSION = 1.0;
				PRODUCT_BUNDLE_IDENTIFIER = joe.com.test;
				PRODUCT_NAME = "$(TARGET_NAME)";
				SWIFT_EMIT_LOC_STRINGS = YES;
				SWIFT_VERSION = 5.0;
				TARGETED_DEVICE_FAMILY = "1,2";
			};
			name = Release;
		};
		840C16052C27B741006107F6 /* Debug */ = {
			isa = XCBuildConfiguration;
			buildSettings = {
				ALWAYS_EMBED_SWIFT_STANDARD_LIBRARIES = YES;
				BUNDLE_LOADER = "$(TEST_HOST)";
				CODE_SIGN_STYLE = Automatic;
				CURRENT_PROJECT_VERSION = 1;
				GENERATE_INFOPLIST_FILE = YES;
				IPHONEOS_DEPLOYMENT_TARGET = 17.5;
				MARKETING_VERSION = 1.0;
				PRODUCT_BUNDLE_IDENTIFIER = joe.com.testTests;
				PRODUCT_NAME = "$(TARGET_NAME)";
				SWIFT_EMIT_LOC_STRINGS = NO;
				SWIFT_VERSION = 5.0;
				TARGETED_DEVICE_FAMILY = "1,2";
				TEST_HOST = "$(BUILT_PRODUCTS_DIR)/test.app/$(BUNDLE_EXECUTABLE_FOLDER_PATH)/test";
			};
			name = Debug;
		};
		840C16062C27B741006107F6 /* Release */ = {
			isa = XCBuildConfiguration;
			buildSettings = {
				ALWAYS_EMBED_SWIFT_STANDARD_LIBRARIES = YES;
				BUNDLE_LOADER = "$(TEST_HOST)";
				CODE_SIGN_STYLE = Automatic;
				CURRENT_PROJECT_VERSION = 1;
				GENERATE_INFOPLIST_FILE = YES;
				IPHONEOS_DEPLOYMENT_TARGET = 17.5;
				MARKETING_VERSION = 1.0;
				PRODUCT_BUNDLE_IDENTIFIER = joe.com.testTests;
				PRODUCT_NAME = "$(TARGET_NAME)";
				SWIFT_EMIT_LOC_STRINGS = NO;
				SWIFT_VERSION = 5.0;
				TARGETED_DEVICE_FAMILY = "1,2";
				TEST_HOST = "$(BUILT_PRODUCTS_DIR)/test.app/$(BUNDLE_EXECUTABLE_FOLDER_PATH)/test";
			};
			name = Release;
		};
		840C16082C27B741006107F6 /* Debug */ = {
			isa = XCBuildConfiguration;
			buildSettings = {
				ALWAYS_EMBED_SWIFT_STANDARD_LIBRARIES = YES;
				CODE_SIGN_STYLE = Automatic;
				CURRENT_PROJECT_VERSION = 1;
				GENERATE_INFOPLIST_FILE = YES;
				MARKETING_VERSION = 1.0;
				PRODUCT_BUNDLE_IDENTIFIER = joe.com.testUITests;
				PRODUCT_NAME = "$(TARGET_NAME)";
				SWIFT_EMIT_LOC_STRINGS = NO;
				SWIFT_VERSION = 5.0;
				TARGETED_DEVICE_FAMILY = "1,2";
				TEST_TARGET_NAME = test;
			};
			name = Debug;
		};
		840C16092C27B741006107F6 /* Release */ = {
			isa = XCBuildConfiguration;
			buildSettings = {
				ALWAYS_EMBED_SWIFT_STANDARD_LIBRARIES = YES;
				CODE_SIGN_STYLE = Automatic;
				CURRENT_PROJECT_VERSION = 1;
				GENERATE_INFOPLIST_FILE = YES;
				MARKETING_VERSION = 1.0;
				PRODUCT_BUNDLE_IDENTIFIER = joe.com.testUITests;
				PRODUCT_NAME = "$(TARGET_NAME)";
				SWIFT_EMIT_LOC_STRINGS = NO;
				SWIFT_VERSION = 5.0;
				TARGETED_DEVICE_FAMILY = "1,2";
				TEST_TARGET_NAME = test;
			};
			name = Release;
		};
/* End XCBuildConfiguration section */

/* Begin XCConfigurationList section */
		840C15D82C27B740006107F6 /* Build configuration list for PBXProject "test" */ = {
			isa = XCConfigurationList;
			buildConfigurations = (
				840C15FF2C27B741006107F6 /* Debug */,
				840C16002C27B741006107F6 /* Release */,
			);
			defaultConfigurationIsVisible = 0;
			defaultConfigurationName = Release;
		};
		840C16012C27B741006107F6 /* Build configuration list for PBXNativeTarget "test" */ = {
			isa = XCConfigurationList;
			buildConfigurations = (
				840C16022C27B741006107F6 /* Debug */,
				840C16032C27B741006107F6 /* Release */,
			);
			defaultConfigurationIsVisible = 0;
			defaultConfigurationName = Release;
		};
		840C16042C27B741006107F6 /* Build configuration list for PBXNativeTarget "testTests" */ = {
			isa = XCConfigurationList;
			buildConfigurations = (
				840C16052C27B741006107F6 /* Debug */,
				840C16062C27B741006107F6 /* Release */,
			);
			defaultConfigurationIsVisible = 0;
			defaultConfigurationName = Release;
		};
		840C16072C27B741006107F6 /* Build configuration list for PBXNativeTarget "testUITests" */ = {
			isa = XCConfigurationList;
			buildConfigurations = (
				840C16082C27B741006107F6 /* Debug */,
				840C16092C27B741006107F6 /* Release */,
			);
			defaultConfigurationIsVisible = 0;
			defaultConfigurationName = Release;
		};
/* End XCConfigurationList section */
	};
	rootObject = 840C15D52C27B740006107F6 /* Project object */;
}
